// !$*UTF8*$!
{
	archiveVersion = 1;
	classes = {
	};
	objectVersion = 50;
	objects = {

/* Begin PBXBuildFile section */
		26D0405D22E52B3100E0C76D /* main.c in Sources */ = {isa = PBXBuildFile; fileRef = 26D0405C22E52B3100E0C76D /* main.c */; };
		26D0406422E5302700E0C76D /* array_example_295_02.c in Sources */ = {isa = PBXBuildFile; fileRef = 26D0406322E5302700E0C76D /* array_example_295_02.c */; };
		26D0406622E5535C00E0C76D /* random_function.c in Sources */ = {isa = PBXBuildFile; fileRef = 26D0406522E5535C00E0C76D /* random_function.c */; };
		26D0406822E5710200E0C76D /* random_pretice.c in Sources */ = {isa = PBXBuildFile; fileRef = 26D0406722E5710200E0C76D /* random_pretice.c */; };
		26D0406A22E5812B00E0C76D /* example_240_9_4.c in Sources */ = {isa = PBXBuildFile; fileRef = 26D0406922E5812B00E0C76D /* example_240_9_4.c */; };
		26D0406C22E5ADD600E0C76D /* array_example_295_03.c in Sources */ = {isa = PBXBuildFile; fileRef = 26D0406B22E5ADD600E0C76D /* array_example_295_03.c */; };
		26D0406E22E5B24300E0C76D /* array_example_295_04.c in Sources */ = {isa = PBXBuildFile; fileRef = 26D0406D22E5B24300E0C76D /* array_example_295_04.c */; };
		26D0407022E5B88200E0C76D /* array_example_295_05.c in Sources */ = {isa = PBXBuildFile; fileRef = 26D0406F22E5B88200E0C76D /* array_example_295_05.c */; };
		26D0407422E5BB2C00E0C76D /* array_example_324_01.c in Sources */ = {isa = PBXBuildFile; fileRef = 26D0407322E5BB2C00E0C76D /* array_example_324_01.c */; };
		26E6332222F025D500C0DD2B /* array_example_295_06.c in Sources */ = {isa = PBXBuildFile; fileRef = 26E6332122F025D500C0DD2B /* array_example_295_06.c */; };
		26E6332422F0270F00C0DD2B /* 301_example_2_1.c in Sources */ = {isa = PBXBuildFile; fileRef = 26E6332322F0270F00C0DD2B /* 301_example_2_1.c */; };
		26E6332622F0281300C0DD2B /* 301_example_2_2.c in Sources */ = {isa = PBXBuildFile; fileRef = 26E6332522F0281300C0DD2B /* 301_example_2_2.c */; };
		26E6332822F028A000C0DD2B /* 301_example_2_3.c in Sources */ = {isa = PBXBuildFile; fileRef = 26E6332722F028A000C0DD2B /* 301_example_2_3.c */; };
		26E6332A22F0292500C0DD2B /* 301_example_2_4.c in Sources */ = {isa = PBXBuildFile; fileRef = 26E6332922F0292500C0DD2B /* 301_example_2_4.c */; };
		26E6332C22F029D300C0DD2B /* 301_exmple_2_5.c in Sources */ = {isa = PBXBuildFile; fileRef = 26E6332B22F029D300C0DD2B /* 301_exmple_2_5.c */; };
		26E9726E22EECE200076568D /* array_example_295_01.c in Sources */ = {isa = PBXBuildFile; fileRef = 26E9726D22EECE200076568D /* array_example_295_01.c */; };
/* End PBXBuildFile section */

/* Begin PBXCopyFilesBuildPhase section */
		26D0405722E52B3100E0C76D /* CopyFiles */ = {
			isa = PBXCopyFilesBuildPhase;
			buildActionMask = 2147483647;
			dstPath = /usr/share/man/man1/;
			dstSubfolderSpec = 0;
			files = (
			);
			runOnlyForDeploymentPostprocessing = 1;
		};
/* End PBXCopyFilesBuildPhase section */

/* Begin PBXFileReference section */
		26D0405922E52B3100E0C76D /* 20190722_try */ = {isa = PBXFileReference; explicitFileType = "compiled.mach-o.executable"; includeInIndex = 0; path = 20190722_try; sourceTree = BUILT_PRODUCTS_DIR; };
		26D0405C22E52B3100E0C76D /* main.c */ = {isa = PBXFileReference; lastKnownFileType = sourcecode.c.c; path = main.c; sourceTree = "<group>"; };
		26D0406322E5302700E0C76D /* array_example_295_02.c */ = {isa = PBXFileReference; lastKnownFileType = sourcecode.c.c; path = array_example_295_02.c; sourceTree = "<group>"; };
		26D0406522E5535C00E0C76D /* random_function.c */ = {isa = PBXFileReference; lastKnownFileType = sourcecode.c.c; path = random_function.c; sourceTree = "<group>"; };
		26D0406722E5710200E0C76D /* random_pretice.c */ = {isa = PBXFileReference; lastKnownFileType = sourcecode.c.c; path = random_pretice.c; sourceTree = "<group>"; };
		26D0406922E5812B00E0C76D /* example_240_9_4.c */ = {isa = PBXFileReference; lastKnownFileType = sourcecode.c.c; path = example_240_9_4.c; sourceTree = "<group>"; };
		26D0406B22E5ADD600E0C76D /* array_example_295_03.c */ = {isa = PBXFileReference; lastKnownFileType = sourcecode.c.c; path = array_example_295_03.c; sourceTree = "<group>"; };
		26D0406D22E5B24300E0C76D /* array_example_295_04.c */ = {isa = PBXFileReference; lastKnownFileType = sourcecode.c.c; path = array_example_295_04.c; sourceTree = "<group>"; };
		26D0406F22E5B88200E0C76D /* array_example_295_05.c */ = {isa = PBXFileReference; lastKnownFileType = sourcecode.c.c; path = array_example_295_05.c; sourceTree = "<group>"; };
		26D0407322E5BB2C00E0C76D /* array_example_324_01.c */ = {isa = PBXFileReference; lastKnownFileType = sourcecode.c.c; path = array_example_324_01.c; sourceTree = "<group>"; };
		26E6332122F025D500C0DD2B /* array_example_295_06.c */ = {isa = PBXFileReference; lastKnownFileType = sourcecode.c.c; path = array_example_295_06.c; sourceTree = "<group>"; };
		26E6332322F0270F00C0DD2B /* 301_example_2_1.c */ = {isa = PBXFileReference; lastKnownFileType = sourcecode.c.c; path = 301_example_2_1.c; sourceTree = "<group>"; };
		26E6332522F0281300C0DD2B /* 301_example_2_2.c */ = {isa = PBXFileReference; lastKnownFileType = sourcecode.c.c; path = 301_example_2_2.c; sourceTree = "<group>"; };
		26E6332722F028A000C0DD2B /* 301_example_2_3.c */ = {isa = PBXFileReference; lastKnownFileType = sourcecode.c.c; path = 301_example_2_3.c; sourceTree = "<group>"; };
		26E6332922F0292500C0DD2B /* 301_example_2_4.c */ = {isa = PBXFileReference; lastKnownFileType = sourcecode.c.c; path = 301_example_2_4.c; sourceTree = "<group>"; };
		26E6332B22F029D300C0DD2B /* 301_exmple_2_5.c */ = {isa = PBXFileReference; lastKnownFileType = sourcecode.c.c; path = 301_exmple_2_5.c; sourceTree = "<group>"; };
		26E9726D22EECE200076568D /* array_example_295_01.c */ = {isa = PBXFileReference; lastKnownFileType = sourcecode.c.c; path = array_example_295_01.c; sourceTree = "<group>"; };
/* End PBXFileReference section */

/* Begin PBXFrameworksBuildPhase section */
		26D0405622E52B3100E0C76D /* Frameworks */ = {
			isa = PBXFrameworksBuildPhase;
			buildActionMask = 2147483647;
			files = (
			);
			runOnlyForDeploymentPostprocessing = 0;
		};
/* End PBXFrameworksBuildPhase section */

/* Begin PBXGroup section */
		26D0405022E52B3100E0C76D = {
			isa = PBXGroup;
			children = (
				26D0405B22E52B3100E0C76D /* 20190722_try */,
				26D0405A22E52B3100E0C76D /* Products */,
			);
			sourceTree = "<group>";
		};
		26D0405A22E52B3100E0C76D /* Products */ = {
			isa = PBXGroup;
			children = (
				26D0405922E52B3100E0C76D /* 20190722_try */,
			);
			name = Products;
			sourceTree = "<group>";
		};
		26D0405B22E52B3100E0C76D /* 20190722_try */ = {
			isa = PBXGroup;
			children = (
				26E6332322F0270F00C0DD2B /* 301_example_2_1.c */,
				26E6332522F0281300C0DD2B /* 301_example_2_2.c */,
				26E6332722F028A000C0DD2B /* 301_example_2_3.c */,
				26E6332922F0292500C0DD2B /* 301_example_2_4.c */,
				26E6332B22F029D300C0DD2B /* 301_exmple_2_5.c */,
				26E9726D22EECE200076568D /* array_example_295_01.c */,
				26D0406322E5302700E0C76D /* array_example_295_02.c */,
				26D0406B22E5ADD600E0C76D /* array_example_295_03.c */,
				26D0406D22E5B24300E0C76D /* array_example_295_04.c */,
				26D0406F22E5B88200E0C76D /* array_example_295_05.c */,
				26E6332122F025D500C0DD2B /* array_example_295_06.c */,
				26D0407322E5BB2C00E0C76D /* array_example_324_01.c */,
				26D0406922E5812B00E0C76D /* example_240_9_4.c */,
				26D0405C22E52B3100E0C76D /* main.c */,
				26D0406522E5535C00E0C76D /* random_function.c */,
				26D0406722E5710200E0C76D /* random_pretice.c */,
			);
			path = 20190722_try;
			sourceTree = "<group>";
		};
/* End PBXGroup section */

/* Begin PBXNativeTarget section */
		26D0405822E52B3100E0C76D /* 20190722_try */ = {
			isa = PBXNativeTarget;
			buildConfigurationList = 26D0406022E52B3100E0C76D /* Build configuration list for PBXNativeTarget "20190722_try" */;
			buildPhases = (
				26D0405522E52B3100E0C76D /* Sources */,
				26D0405622E52B3100E0C76D /* Frameworks */,
				26D0405722E52B3100E0C76D /* CopyFiles */,
			);
			buildRules = (
			);
			dependencies = (
			);
			name = 20190722_try;
			productName = 20190722_try;
			productReference = 26D0405922E52B3100E0C76D /* 20190722_try */;
			productType = "com.apple.product-type.tool";
		};
/* End PBXNativeTarget section */

/* Begin PBXProject section */
		26D0405122E52B3100E0C76D /* Project object */ = {
			isa = PBXProject;
			attributes = {
				LastUpgradeCheck = 1020;
				ORGANIZATIONNAME = "심재현";
				TargetAttributes = {
					26D0405822E52B3100E0C76D = {
						CreatedOnToolsVersion = 10.2.1;
					};
				};
			};
			buildConfigurationList = 26D0405422E52B3100E0C76D /* Build configuration list for PBXProject "20190722_try" */;
			compatibilityVersion = "Xcode 9.3";
			developmentRegion = en;
			hasScannedForEncodings = 0;
			knownRegions = (
				en,
			);
			mainGroup = 26D0405022E52B3100E0C76D;
			productRefGroup = 26D0405A22E52B3100E0C76D /* Products */;
			projectDirPath = "";
			projectRoot = "";
			targets = (
				26D0405822E52B3100E0C76D /* 20190722_try */,
			);
		};
/* End PBXProject section */

/* Begin PBXSourcesBuildPhase section */
		26D0405522E52B3100E0C76D /* Sources */ = {
			isa = PBXSourcesBuildPhase;
			buildActionMask = 2147483647;
			files = (
				26E6332822F028A000C0DD2B /* 301_example_2_3.c in Sources */,
				26E9726E22EECE200076568D /* array_example_295_01.c in Sources */,
				26D0406C22E5ADD600E0C76D /* array_example_295_03.c in Sources */,
				26D0405D22E52B3100E0C76D /* main.c in Sources */,
				26E6332C22F029D300C0DD2B /* 301_exmple_2_5.c in Sources */,
				26D0406822E5710200E0C76D /* random_pretice.c in Sources */,
				26D0406A22E5812B00E0C76D /* example_240_9_4.c in Sources */,
				26D0407022E5B88200E0C76D /* array_example_295_05.c in Sources */,
				26D0407422E5BB2C00E0C76D /* array_example_324_01.c in Sources */,
				26D0406E22E5B24300E0C76D /* array_example_295_04.c in Sources */,
				26E6332622F0281300C0DD2B /* 301_example_2_2.c in Sources */,
				26E6332A22F0292500C0DD2B /* 301_example_2_4.c in Sources */,
				26D0406622E5535C00E0C76D /* random_function.c in Sources */,
				26E6332222F025D500C0DD2B /* array_example_295_06.c in Sources */,
				26E6332422F0270F00C0DD2B /* 301_example_2_1.c in Sources */,
				26D0406422E5302700E0C76D /* array_example_295_02.c in Sources */,
			);
			runOnlyForDeploymentPostprocessing = 0;
		};
/* End PBXSourcesBuildPhase section */

/* Begin XCBuildConfiguration section */
		26D0405E22E52B3100E0C76D /* Debug */ = {
			isa = XCBuildConfiguration;
			buildSettings = {
				ALWAYS_SEARCH_USER_PATHS = NO;
				CLANG_ANALYZER_NONNULL = YES;
				CLANG_ANALYZER_NUMBER_OBJECT_CONVERSION = YES_AGGRESSIVE;
				CLANG_CXX_LANGUAGE_STANDARD = "gnu++14";
				CLANG_CXX_LIBRARY = "libc++";
				CLANG_ENABLE_MODULES = YES;
				CLANG_ENABLE_OBJC_ARC = YES;
				CLANG_ENABLE_OBJC_WEAK = YES;
				CLANG_WARN_BLOCK_CAPTURE_AUTORELEASING = YES;
				CLANG_WARN_BOOL_CONVERSION = YES;
				CLANG_WARN_COMMA = YES;
				CLANG_WARN_CONSTANT_CONVERSION = YES;
				CLANG_WARN_DEPRECATED_OBJC_IMPLEMENTATIONS = YES;
				CLANG_WARN_DIRECT_OBJC_ISA_USAGE = YES_ERROR;
				CLANG_WARN_DOCUMENTATION_COMMENTS = YES;
				CLANG_WARN_EMPTY_BODY = YES;
				CLANG_WARN_ENUM_CONVERSION = YES;
				CLANG_WARN_INFINITE_RECURSION = YES;
				CLANG_WARN_INT_CONVERSION = YES;
				CLANG_WARN_NON_LITERAL_NULL_CONVERSION = YES;
				CLANG_WARN_OBJC_IMPLICIT_RETAIN_SELF = YES;
				CLANG_WARN_OBJC_LITERAL_CONVERSION = YES;
				CLANG_WARN_OBJC_ROOT_CLASS = YES_ERROR;
				CLANG_WARN_RANGE_LOOP_ANALYSIS = YES;
				CLANG_WARN_STRICT_PROTOTYPES = YES;
				CLANG_WARN_SUSPICIOUS_MOVE = YES;
				CLANG_WARN_UNGUARDED_AVAILABILITY = YES_AGGRESSIVE;
				CLANG_WARN_UNREACHABLE_CODE = YES;
				CLANG_WARN__DUPLICATE_METHOD_MATCH = YES;
				CODE_SIGN_IDENTITY = "-";
				COPY_PHASE_STRIP = NO;
				DEBUG_INFORMATION_FORMAT = dwarf;
				ENABLE_STRICT_OBJC_MSGSEND = YES;
				ENABLE_TESTABILITY = YES;
				GCC_C_LANGUAGE_STANDARD = gnu11;
				GCC_DYNAMIC_NO_PIC = NO;
				GCC_NO_COMMON_BLOCKS = YES;
				GCC_OPTIMIZATION_LEVEL = 0;
				GCC_PREPROCESSOR_DEFINITIONS = (
					"DEBUG=1",
					"$(inherited)",
				);
				GCC_WARN_64_TO_32_BIT_CONVERSION = YES;
				GCC_WARN_ABOUT_RETURN_TYPE = YES_ERROR;
				GCC_WARN_UNDECLARED_SELECTOR = YES;
				GCC_WARN_UNINITIALIZED_AUTOS = YES_AGGRESSIVE;
				GCC_WARN_UNUSED_FUNCTION = YES;
				GCC_WARN_UNUSED_VARIABLE = YES;
				MACOSX_DEPLOYMENT_TARGET = 10.14;
				MTL_ENABLE_DEBUG_INFO = INCLUDE_SOURCE;
				MTL_FAST_MATH = YES;
				ONLY_ACTIVE_ARCH = YES;
				SDKROOT = macosx;
			};
			name = Debug;
		};
		26D0405F22E52B3100E0C76D /* Release */ = {
			isa = XCBuildConfiguration;
			buildSettings = {
				ALWAYS_SEARCH_USER_PATHS = NO;
				CLANG_ANALYZER_NONNULL = YES;
				CLANG_ANALYZER_NUMBER_OBJECT_CONVERSION = YES_AGGRESSIVE;
				CLANG_CXX_LANGUAGE_STANDARD = "gnu++14";
				CLANG_CXX_LIBRARY = "libc++";
				CLANG_ENABLE_MODULES = YES;
				CLANG_ENABLE_OBJC_ARC = YES;
				CLANG_ENABLE_OBJC_WEAK = YES;
				CLANG_WARN_BLOCK_CAPTURE_AUTORELEASING = YES;
				CLANG_WARN_BOOL_CONVERSION = YES;
				CLANG_WARN_COMMA = YES;
				CLANG_WARN_CONSTANT_CONVERSION = YES;
				CLANG_WARN_DEPRECATED_OBJC_IMPLEMENTATIONS = YES;
				CLANG_WARN_DIRECT_OBJC_ISA_USAGE = YES_ERROR;
				CLANG_WARN_DOCUMENTATION_COMMENTS = YES;
				CLANG_WARN_EMPTY_BODY = YES;
				CLANG_WARN_ENUM_CONVERSION = YES;
				CLANG_WARN_INFINITE_RECURSION = YES;
				CLANG_WARN_INT_CONVERSION = YES;
				CLANG_WARN_NON_LITERAL_NULL_CONVERSION = YES;
				CLANG_WARN_OBJC_IMPLICIT_RETAIN_SELF = YES;
				CLANG_WARN_OBJC_LITERAL_CONVERSION = YES;
				CLANG_WARN_OBJC_ROOT_CLASS = YES_ERROR;
				CLANG_WARN_RANGE_LOOP_ANALYSIS = YES;
				CLANG_WARN_STRICT_PROTOTYPES = YES;
				CLANG_WARN_SUSPICIOUS_MOVE = YES;
				CLANG_WARN_UNGUARDED_AVAILABILITY = YES_AGGRESSIVE;
				CLANG_WARN_UNREACHABLE_CODE = YES;
				CLANG_WARN__DUPLICATE_METHOD_MATCH = YES;
				CODE_SIGN_IDENTITY = "-";
				COPY_PHASE_STRIP = NO;
				DEBUG_INFORMATION_FORMAT = "dwarf-with-dsym";
				ENABLE_NS_ASSERTIONS = NO;
				ENABLE_STRICT_OBJC_MSGSEND = YES;
				GCC_C_LANGUAGE_STANDARD = gnu11;
				GCC_NO_COMMON_BLOCKS = YES;
				GCC_WARN_64_TO_32_BIT_CONVERSION = YES;
				GCC_WARN_ABOUT_RETURN_TYPE = YES_ERROR;
				GCC_WARN_UNDECLARED_SELECTOR = YES;
				GCC_WARN_UNINITIALIZED_AUTOS = YES_AGGRESSIVE;
				GCC_WARN_UNUSED_FUNCTION = YES;
				GCC_WARN_UNUSED_VARIABLE = YES;
				MACOSX_DEPLOYMENT_TARGET = 10.14;
				MTL_ENABLE_DEBUG_INFO = NO;
				MTL_FAST_MATH = YES;
				SDKROOT = macosx;
			};
			name = Release;
		};
		26D0406122E52B3100E0C76D /* Debug */ = {
			isa = XCBuildConfiguration;
			buildSettings = {
				CODE_SIGN_STYLE = Automatic;
				PRODUCT_NAME = "$(TARGET_NAME)";
			};
			name = Debug;
		};
		26D0406222E52B3100E0C76D /* Release */ = {
			isa = XCBuildConfiguration;
			buildSettings = {
				CODE_SIGN_STYLE = Automatic;
				PRODUCT_NAME = "$(TARGET_NAME)";
			};
			name = Release;
		};
/* End XCBuildConfiguration section */

/* Begin XCConfigurationList section */
		26D0405422E52B3100E0C76D /* Build configuration list for PBXProject "20190722_try" */ = {
			isa = XCConfigurationList;
			buildConfigurations = (
				26D0405E22E52B3100E0C76D /* Debug */,
				26D0405F22E52B3100E0C76D /* Release */,
			);
			defaultConfigurationIsVisible = 0;
			defaultConfigurationName = Release;
		};
		26D0406022E52B3100E0C76D /* Build configuration list for PBXNativeTarget "20190722_try" */ = {
			isa = XCConfigurationList;
			buildConfigurations = (
				26D0406122E52B3100E0C76D /* Debug */,
				26D0406222E52B3100E0C76D /* Release */,
			);
			defaultConfigurationIsVisible = 0;
			defaultConfigurationName = Release;
		};
/* End XCConfigurationList section */
	};
	rootObject = 26D0405122E52B3100E0C76D /* Project object */;
}
