// !$*UTF8*$!
{
	archiveVersion = 1;
	classes = {
	};
	objectVersion = 50;
	objects = {

/* Begin PBXBuildFile section */
		26BD8D5922F1383900C633B6 /* array_example_325_01.c in Sources */ = {isa = PBXBuildFile; fileRef = 26BD8D5822F1383900C633B6 /* array_example_325_01.c */; };
		26BD8D5B22F138CA00C633B6 /* example2_10.c in Sources */ = {isa = PBXBuildFile; fileRef = 26BD8D5A22F138CA00C633B6 /* example2_10.c */; };
		26BD8D5D22F1445D00C633B6 /* example04.c in Sources */ = {isa = PBXBuildFile; fileRef = 26BD8D5C22F1445D00C633B6 /* example04.c */; };
		26BD8D5F22F147EA00C633B6 /* example05.c in Sources */ = {isa = PBXBuildFile; fileRef = 26BD8D5E22F147EA00C633B6 /* example05.c */; };
		26BD8D6122F1495600C633B6 /* 542_example_2_1.c in Sources */ = {isa = PBXBuildFile; fileRef = 26BD8D6022F1495600C633B6 /* 542_example_2_1.c */; };
		26BD8D6322F149D500C633B6 /* 542_example_2_2.c in Sources */ = {isa = PBXBuildFile; fileRef = 26BD8D6222F149D500C633B6 /* 542_example_2_2.c */; };
		26BD8D6522F14A4300C633B6 /* 542_example_2_3.c in Sources */ = {isa = PBXBuildFile; fileRef = 26BD8D6422F14A4300C633B6 /* 542_example_2_3.c */; };
		26BD8D6922F14C4F00C633B6 /* print_example01.c in Sources */ = {isa = PBXBuildFile; fileRef = 26BD8D6822F14C4F00C633B6 /* print_example01.c */; };
		26BD8D6B22F14CD000C633B6 /* print_example02.c in Sources */ = {isa = PBXBuildFile; fileRef = 26BD8D6A22F14CD000C633B6 /* print_example02.c */; };
		26BD8D6D22F14DFB00C633B6 /* print_example03_malloc.c in Sources */ = {isa = PBXBuildFile; fileRef = 26BD8D6C22F14DFB00C633B6 /* print_example03_malloc.c */; };
		26BD8D6F22F1532B00C633B6 /* print_example04.c in Sources */ = {isa = PBXBuildFile; fileRef = 26BD8D6E22F1532B00C633B6 /* print_example04.c */; };
		26BD8D7122F155B200C633B6 /* print_example05.c in Sources */ = {isa = PBXBuildFile; fileRef = 26BD8D7022F155B200C633B6 /* print_example05.c */; };
		26BD8D7322F1598800C633B6 /* print_example06.c in Sources */ = {isa = PBXBuildFile; fileRef = 26BD8D7222F1598800C633B6 /* print_example06.c */; };
		26BD8D7522F15DAF00C633B6 /* print_example07.c in Sources */ = {isa = PBXBuildFile; fileRef = 26BD8D7422F15DAF00C633B6 /* print_example07.c */; };
		26BD8D7722F16AB900C633B6 /* print_example08.c in Sources */ = {isa = PBXBuildFile; fileRef = 26BD8D7622F16AB900C633B6 /* print_example08.c */; };
		26BD8D7922F16BD300C633B6 /* print_example09.c in Sources */ = {isa = PBXBuildFile; fileRef = 26BD8D7822F16BD300C633B6 /* print_example09.c */; };
		26D98A5822E67CF8000AD14F /* array_exmaple_325_02.c in Sources */ = {isa = PBXBuildFile; fileRef = 26D98A5722E67CF8000AD14F /* array_exmaple_325_02.c */; };
		26D98A5F22E68326000AD14F /* array_example_325_03.c in Sources */ = {isa = PBXBuildFile; fileRef = 26D98A5E22E68326000AD14F /* array_example_325_03.c */; };
		26D98A6122E685B4000AD14F /* example_246_9_7.c in Sources */ = {isa = PBXBuildFile; fileRef = 26D98A6022E685B4000AD14F /* example_246_9_7.c */; };
		26FDA9FD22F25BE000990F75 /* print_example10_a.c in Sources */ = {isa = PBXBuildFile; fileRef = 26FDA9FC22F25BE000990F75 /* print_example10_a.c */; };
		26FDA9FF22F25E8100990F75 /* print_example_10_b.c in Sources */ = {isa = PBXBuildFile; fileRef = 26FDA9FE22F25E8100990F75 /* print_example_10_b.c */; };
		26FDAA0122F2A56C00990F75 /* 0801.c in Sources */ = {isa = PBXBuildFile; fileRef = 26FDAA0022F2A56C00990F75 /* 0801.c */; };
		26FDAA0322F2B8FF00990F75 /* print_example11.c in Sources */ = {isa = PBXBuildFile; fileRef = 26FDAA0222F2B8FF00990F75 /* print_example11.c */; };
		26FDAA0522F2BED800990F75 /* print_example12.c in Sources */ = {isa = PBXBuildFile; fileRef = 26FDAA0422F2BED800990F75 /* print_example12.c */; };
/* End PBXBuildFile section */

/* Begin PBXCopyFilesBuildPhase section */
		26D98A5222E67CF8000AD14F /* CopyFiles */ = {
			isa = PBXCopyFilesBuildPhase;
			buildActionMask = 2147483647;
			dstPath = /usr/share/man/man1/;
			dstSubfolderSpec = 0;
			files = (
			);
			runOnlyForDeploymentPostprocessing = 1;
		};
/* End PBXCopyFilesBuildPhase section */

/* Begin PBXFileReference section */
		26BD8D5822F1383900C633B6 /* array_example_325_01.c */ = {isa = PBXFileReference; lastKnownFileType = sourcecode.c.c; path = array_example_325_01.c; sourceTree = "<group>"; };
		26BD8D5A22F138CA00C633B6 /* example2_10.c */ = {isa = PBXFileReference; lastKnownFileType = sourcecode.c.c; path = example2_10.c; sourceTree = "<group>"; };
		26BD8D5C22F1445D00C633B6 /* example04.c */ = {isa = PBXFileReference; lastKnownFileType = sourcecode.c.c; path = example04.c; sourceTree = "<group>"; };
		26BD8D5E22F147EA00C633B6 /* example05.c */ = {isa = PBXFileReference; lastKnownFileType = sourcecode.c.c; path = example05.c; sourceTree = "<group>"; };
		26BD8D6022F1495600C633B6 /* 542_example_2_1.c */ = {isa = PBXFileReference; lastKnownFileType = sourcecode.c.c; path = 542_example_2_1.c; sourceTree = "<group>"; };
		26BD8D6222F149D500C633B6 /* 542_example_2_2.c */ = {isa = PBXFileReference; lastKnownFileType = sourcecode.c.c; path = 542_example_2_2.c; sourceTree = "<group>"; };
		26BD8D6422F14A4300C633B6 /* 542_example_2_3.c */ = {isa = PBXFileReference; lastKnownFileType = sourcecode.c.c; path = 542_example_2_3.c; sourceTree = "<group>"; };
		26BD8D6822F14C4F00C633B6 /* print_example01.c */ = {isa = PBXFileReference; lastKnownFileType = sourcecode.c.c; path = print_example01.c; sourceTree = "<group>"; };
		26BD8D6A22F14CD000C633B6 /* print_example02.c */ = {isa = PBXFileReference; lastKnownFileType = sourcecode.c.c; path = print_example02.c; sourceTree = "<group>"; };
		26BD8D6C22F14DFB00C633B6 /* print_example03_malloc.c */ = {isa = PBXFileReference; lastKnownFileType = sourcecode.c.c; path = print_example03_malloc.c; sourceTree = "<group>"; };
		26BD8D6E22F1532B00C633B6 /* print_example04.c */ = {isa = PBXFileReference; lastKnownFileType = sourcecode.c.c; path = print_example04.c; sourceTree = "<group>"; };
		26BD8D7022F155B200C633B6 /* print_example05.c */ = {isa = PBXFileReference; lastKnownFileType = sourcecode.c.c; path = print_example05.c; sourceTree = "<group>"; };
		26BD8D7222F1598800C633B6 /* print_example06.c */ = {isa = PBXFileReference; lastKnownFileType = sourcecode.c.c; path = print_example06.c; sourceTree = "<group>"; };
		26BD8D7422F15DAF00C633B6 /* print_example07.c */ = {isa = PBXFileReference; lastKnownFileType = sourcecode.c.c; path = print_example07.c; sourceTree = "<group>"; };
		26BD8D7622F16AB900C633B6 /* print_example08.c */ = {isa = PBXFileReference; lastKnownFileType = sourcecode.c.c; path = print_example08.c; sourceTree = "<group>"; };
		26BD8D7822F16BD300C633B6 /* print_example09.c */ = {isa = PBXFileReference; lastKnownFileType = sourcecode.c.c; path = print_example09.c; sourceTree = "<group>"; };
		26D98A5422E67CF8000AD14F /* 2019_0723_try */ = {isa = PBXFileReference; explicitFileType = "compiled.mach-o.executable"; includeInIndex = 0; path = 2019_0723_try; sourceTree = BUILT_PRODUCTS_DIR; };
		26D98A5722E67CF8000AD14F /* array_exmaple_325_02.c */ = {isa = PBXFileReference; lastKnownFileType = sourcecode.c.c; path = array_exmaple_325_02.c; sourceTree = "<group>"; };
		26D98A5E22E68326000AD14F /* array_example_325_03.c */ = {isa = PBXFileReference; lastKnownFileType = sourcecode.c.c; path = array_example_325_03.c; sourceTree = "<group>"; };
		26D98A6022E685B4000AD14F /* example_246_9_7.c */ = {isa = PBXFileReference; lastKnownFileType = sourcecode.c.c; path = example_246_9_7.c; sourceTree = "<group>"; };
		26FDA9FC22F25BE000990F75 /* print_example10_a.c */ = {isa = PBXFileReference; lastKnownFileType = sourcecode.c.c; path = print_example10_a.c; sourceTree = "<group>"; };
		26FDA9FE22F25E8100990F75 /* print_example_10_b.c */ = {isa = PBXFileReference; lastKnownFileType = sourcecode.c.c; path = print_example_10_b.c; sourceTree = "<group>"; };
		26FDAA0022F2A56C00990F75 /* 0801.c */ = {isa = PBXFileReference; lastKnownFileType = sourcecode.c.c; path = 0801.c; sourceTree = "<group>"; };
		26FDAA0222F2B8FF00990F75 /* print_example11.c */ = {isa = PBXFileReference; lastKnownFileType = sourcecode.c.c; path = print_example11.c; sourceTree = "<group>"; };
		26FDAA0422F2BED800990F75 /* print_example12.c */ = {isa = PBXFileReference; lastKnownFileType = sourcecode.c.c; path = print_example12.c; sourceTree = "<group>"; };
/* End PBXFileReference section */

/* Begin PBXFrameworksBuildPhase section */
		26D98A5122E67CF8000AD14F /* Frameworks */ = {
			isa = PBXFrameworksBuildPhase;
			buildActionMask = 2147483647;
			files = (
			);
			runOnlyForDeploymentPostprocessing = 0;
		};
/* End PBXFrameworksBuildPhase section */

/* Begin PBXGroup section */
		26D98A4B22E67CF8000AD14F = {
			isa = PBXGroup;
			children = (
				26D98A5622E67CF8000AD14F /* 2019_0723_try */,
				26D98A5522E67CF8000AD14F /* Products */,
			);
			sourceTree = "<group>";
		};
		26D98A5522E67CF8000AD14F /* Products */ = {
			isa = PBXGroup;
			children = (
				26D98A5422E67CF8000AD14F /* 2019_0723_try */,
			);
			name = Products;
			sourceTree = "<group>";
		};
		26D98A5622E67CF8000AD14F /* 2019_0723_try */ = {
			isa = PBXGroup;
			children = (
				26BD8D5822F1383900C633B6 /* array_example_325_01.c */,
				26D98A5722E67CF8000AD14F /* array_exmaple_325_02.c */,
				26D98A5E22E68326000AD14F /* array_example_325_03.c */,
				26D98A6022E685B4000AD14F /* example_246_9_7.c */,
				26BD8D5A22F138CA00C633B6 /* example2_10.c */,
				26BD8D5C22F1445D00C633B6 /* example04.c */,
				26BD8D5E22F147EA00C633B6 /* example05.c */,
				26BD8D6022F1495600C633B6 /* 542_example_2_1.c */,
				26BD8D6222F149D500C633B6 /* 542_example_2_2.c */,
				26BD8D6422F14A4300C633B6 /* 542_example_2_3.c */,
				26BD8D6822F14C4F00C633B6 /* print_example01.c */,
				26BD8D6A22F14CD000C633B6 /* print_example02.c */,
				26BD8D6C22F14DFB00C633B6 /* print_example03_malloc.c */,
				26BD8D6E22F1532B00C633B6 /* print_example04.c */,
				26BD8D7022F155B200C633B6 /* print_example05.c */,
				26BD8D7222F1598800C633B6 /* print_example06.c */,
				26BD8D7422F15DAF00C633B6 /* print_example07.c */,
				26BD8D7622F16AB900C633B6 /* print_example08.c */,
				26BD8D7822F16BD300C633B6 /* print_example09.c */,
				26FDA9FC22F25BE000990F75 /* print_example10_a.c */,
				26FDA9FE22F25E8100990F75 /* print_example_10_b.c */,
				26FDAA0022F2A56C00990F75 /* 0801.c */,
				26FDAA0222F2B8FF00990F75 /* print_example11.c */,
				26FDAA0422F2BED800990F75 /* print_example12.c */,
			);
			path = 2019_0723_try;
			sourceTree = "<group>";
		};
/* End PBXGroup section */

/* Begin PBXNativeTarget section */
		26D98A5322E67CF8000AD14F /* 2019_0723_try */ = {
			isa = PBXNativeTarget;
			buildConfigurationList = 26D98A5B22E67CF8000AD14F /* Build configuration list for PBXNativeTarget "2019_0723_try" */;
			buildPhases = (
				26D98A5022E67CF8000AD14F /* Sources */,
				26D98A5122E67CF8000AD14F /* Frameworks */,
				26D98A5222E67CF8000AD14F /* CopyFiles */,
			);
			buildRules = (
			);
			dependencies = (
			);
			name = 2019_0723_try;
			productName = 2019_0723_try;
			productReference = 26D98A5422E67CF8000AD14F /* 2019_0723_try */;
			productType = "com.apple.product-type.tool";
		};
/* End PBXNativeTarget section */

/* Begin PBXProject section */
		26D98A4C22E67CF8000AD14F /* Project object */ = {
			isa = PBXProject;
			attributes = {
				LastUpgradeCheck = 1020;
				ORGANIZATIONNAME = "심재현";
				TargetAttributes = {
					26D98A5322E67CF8000AD14F = {
						CreatedOnToolsVersion = 10.2.1;
					};
				};
			};
			buildConfigurationList = 26D98A4F22E67CF8000AD14F /* Build configuration list for PBXProject "2019_0723_try" */;
			compatibilityVersion = "Xcode 9.3";
			developmentRegion = en;
			hasScannedForEncodings = 0;
			knownRegions = (
				en,
			);
			mainGroup = 26D98A4B22E67CF8000AD14F;
			productRefGroup = 26D98A5522E67CF8000AD14F /* Products */;
			projectDirPath = "";
			projectRoot = "";
			targets = (
				26D98A5322E67CF8000AD14F /* 2019_0723_try */,
			);
		};
/* End PBXProject section */

/* Begin PBXSourcesBuildPhase section */
		26D98A5022E67CF8000AD14F /* Sources */ = {
			isa = PBXSourcesBuildPhase;
			buildActionMask = 2147483647;
			files = (
				26BD8D7322F1598800C633B6 /* print_example06.c in Sources */,
				26BD8D7922F16BD300C633B6 /* print_example09.c in Sources */,
				26BD8D5D22F1445D00C633B6 /* example04.c in Sources */,
				26BD8D6122F1495600C633B6 /* 542_example_2_1.c in Sources */,
				26BD8D6F22F1532B00C633B6 /* print_example04.c in Sources */,
				26FDAA0522F2BED800990F75 /* print_example12.c in Sources */,
				26D98A6122E685B4000AD14F /* example_246_9_7.c in Sources */,
				26BD8D7522F15DAF00C633B6 /* print_example07.c in Sources */,
				26D98A5F22E68326000AD14F /* array_example_325_03.c in Sources */,
				26FDA9FF22F25E8100990F75 /* print_example_10_b.c in Sources */,
				26BD8D7122F155B200C633B6 /* print_example05.c in Sources */,
				26BD8D7722F16AB900C633B6 /* print_example08.c in Sources */,
				26BD8D5922F1383900C633B6 /* array_example_325_01.c in Sources */,
				26BD8D5F22F147EA00C633B6 /* example05.c in Sources */,
				26BD8D6922F14C4F00C633B6 /* print_example01.c in Sources */,
				26BD8D6322F149D500C633B6 /* 542_example_2_2.c in Sources */,
				26BD8D6B22F14CD000C633B6 /* print_example02.c in Sources */,
				26BD8D6D22F14DFB00C633B6 /* print_example03_malloc.c in Sources */,
				26D98A5822E67CF8000AD14F /* array_exmaple_325_02.c in Sources */,
				26BD8D5B22F138CA00C633B6 /* example2_10.c in Sources */,
				26BD8D6522F14A4300C633B6 /* 542_example_2_3.c in Sources */,
				26FDAA0122F2A56C00990F75 /* 0801.c in Sources */,
				26FDA9FD22F25BE000990F75 /* print_example10_a.c in Sources */,
				26FDAA0322F2B8FF00990F75 /* print_example11.c in Sources */,
			);
			runOnlyForDeploymentPostprocessing = 0;
		};
/* End PBXSourcesBuildPhase section */

/* Begin XCBuildConfiguration section */
		26D98A5922E67CF8000AD14F /* Debug */ = {
			isa = XCBuildConfiguration;
			buildSettings = {
				ALWAYS_SEARCH_USER_PATHS = NO;
				CLANG_ANALYZER_NONNULL = YES;
				CLANG_ANALYZER_NUMBER_OBJECT_CONVERSION = YES_AGGRESSIVE;
				CLANG_CXX_LANGUAGE_STANDARD = "gnu++14";
				CLANG_CXX_LIBRARY = "libc++";
				CLANG_ENABLE_MODULES = YES;
				CLANG_ENABLE_OBJC_ARC = YES;
				CLANG_ENABLE_OBJC_WEAK = YES;
				CLANG_WARN_BLOCK_CAPTURE_AUTORELEASING = YES;
				CLANG_WARN_BOOL_CONVERSION = YES;
				CLANG_WARN_COMMA = YES;
				CLANG_WARN_CONSTANT_CONVERSION = YES;
				CLANG_WARN_DEPRECATED_OBJC_IMPLEMENTATIONS = YES;
				CLANG_WARN_DIRECT_OBJC_ISA_USAGE = YES_ERROR;
				CLANG_WARN_DOCUMENTATION_COMMENTS = YES;
				CLANG_WARN_EMPTY_BODY = YES;
				CLANG_WARN_ENUM_CONVERSION = YES;
				CLANG_WARN_INFINITE_RECURSION = YES;
				CLANG_WARN_INT_CONVERSION = YES;
				CLANG_WARN_NON_LITERAL_NULL_CONVERSION = YES;
				CLANG_WARN_OBJC_IMPLICIT_RETAIN_SELF = YES;
				CLANG_WARN_OBJC_LITERAL_CONVERSION = YES;
				CLANG_WARN_OBJC_ROOT_CLASS = YES_ERROR;
				CLANG_WARN_RANGE_LOOP_ANALYSIS = YES;
				CLANG_WARN_STRICT_PROTOTYPES = YES;
				CLANG_WARN_SUSPICIOUS_MOVE = YES;
				CLANG_WARN_UNGUARDED_AVAILABILITY = YES_AGGRESSIVE;
				CLANG_WARN_UNREACHABLE_CODE = YES;
				CLANG_WARN__DUPLICATE_METHOD_MATCH = YES;
				CODE_SIGN_IDENTITY = "-";
				COPY_PHASE_STRIP = NO;
				DEBUG_INFORMATION_FORMAT = dwarf;
				ENABLE_STRICT_OBJC_MSGSEND = YES;
				ENABLE_TESTABILITY = YES;
				GCC_C_LANGUAGE_STANDARD = gnu11;
				GCC_DYNAMIC_NO_PIC = NO;
				GCC_NO_COMMON_BLOCKS = YES;
				GCC_OPTIMIZATION_LEVEL = 0;
				GCC_PREPROCESSOR_DEFINITIONS = (
					"DEBUG=1",
					"$(inherited)",
				);
				GCC_WARN_64_TO_32_BIT_CONVERSION = YES;
				GCC_WARN_ABOUT_RETURN_TYPE = YES_ERROR;
				GCC_WARN_UNDECLARED_SELECTOR = YES;
				GCC_WARN_UNINITIALIZED_AUTOS = YES_AGGRESSIVE;
				GCC_WARN_UNUSED_FUNCTION = YES;
				GCC_WARN_UNUSED_VARIABLE = YES;
				MACOSX_DEPLOYMENT_TARGET = 10.14;
				MTL_ENABLE_DEBUG_INFO = INCLUDE_SOURCE;
				MTL_FAST_MATH = YES;
				ONLY_ACTIVE_ARCH = YES;
				SDKROOT = macosx;
			};
			name = Debug;
		};
		26D98A5A22E67CF8000AD14F /* Release */ = {
			isa = XCBuildConfiguration;
			buildSettings = {
				ALWAYS_SEARCH_USER_PATHS = NO;
				CLANG_ANALYZER_NONNULL = YES;
				CLANG_ANALYZER_NUMBER_OBJECT_CONVERSION = YES_AGGRESSIVE;
				CLANG_CXX_LANGUAGE_STANDARD = "gnu++14";
				CLANG_CXX_LIBRARY = "libc++";
				CLANG_ENABLE_MODULES = YES;
				CLANG_ENABLE_OBJC_ARC = YES;
				CLANG_ENABLE_OBJC_WEAK = YES;
				CLANG_WARN_BLOCK_CAPTURE_AUTORELEASING = YES;
				CLANG_WARN_BOOL_CONVERSION = YES;
				CLANG_WARN_COMMA = YES;
				CLANG_WARN_CONSTANT_CONVERSION = YES;
				CLANG_WARN_DEPRECATED_OBJC_IMPLEMENTATIONS = YES;
				CLANG_WARN_DIRECT_OBJC_ISA_USAGE = YES_ERROR;
				CLANG_WARN_DOCUMENTATION_COMMENTS = YES;
				CLANG_WARN_EMPTY_BODY = YES;
				CLANG_WARN_ENUM_CONVERSION = YES;
				CLANG_WARN_INFINITE_RECURSION = YES;
				CLANG_WARN_INT_CONVERSION = YES;
				CLANG_WARN_NON_LITERAL_NULL_CONVERSION = YES;
				CLANG_WARN_OBJC_IMPLICIT_RETAIN_SELF = YES;
				CLANG_WARN_OBJC_LITERAL_CONVERSION = YES;
				CLANG_WARN_OBJC_ROOT_CLASS = YES_ERROR;
				CLANG_WARN_RANGE_LOOP_ANALYSIS = YES;
				CLANG_WARN_STRICT_PROTOTYPES = YES;
				CLANG_WARN_SUSPICIOUS_MOVE = YES;
				CLANG_WARN_UNGUARDED_AVAILABILITY = YES_AGGRESSIVE;
				CLANG_WARN_UNREACHABLE_CODE = YES;
				CLANG_WARN__DUPLICATE_METHOD_MATCH = YES;
				CODE_SIGN_IDENTITY = "-";
				COPY_PHASE_STRIP = NO;
				DEBUG_INFORMATION_FORMAT = "dwarf-with-dsym";
				ENABLE_NS_ASSERTIONS = NO;
				ENABLE_STRICT_OBJC_MSGSEND = YES;
				GCC_C_LANGUAGE_STANDARD = gnu11;
				GCC_NO_COMMON_BLOCKS = YES;
				GCC_WARN_64_TO_32_BIT_CONVERSION = YES;
				GCC_WARN_ABOUT_RETURN_TYPE = YES_ERROR;
				GCC_WARN_UNDECLARED_SELECTOR = YES;
				GCC_WARN_UNINITIALIZED_AUTOS = YES_AGGRESSIVE;
				GCC_WARN_UNUSED_FUNCTION = YES;
				GCC_WARN_UNUSED_VARIABLE = YES;
				MACOSX_DEPLOYMENT_TARGET = 10.14;
				MTL_ENABLE_DEBUG_INFO = NO;
				MTL_FAST_MATH = YES;
				SDKROOT = macosx;
			};
			name = Release;
		};
		26D98A5C22E67CF8000AD14F /* Debug */ = {
			isa = XCBuildConfiguration;
			buildSettings = {
				CODE_SIGN_STYLE = Automatic;
				PRODUCT_NAME = "$(TARGET_NAME)";
			};
			name = Debug;
		};
		26D98A5D22E67CF8000AD14F /* Release */ = {
			isa = XCBuildConfiguration;
			buildSettings = {
				CODE_SIGN_STYLE = Automatic;
				PRODUCT_NAME = "$(TARGET_NAME)";
			};
			name = Release;
		};
/* End XCBuildConfiguration section */

/* Begin XCConfigurationList section */
		26D98A4F22E67CF8000AD14F /* Build configuration list for PBXProject "2019_0723_try" */ = {
			isa = XCConfigurationList;
			buildConfigurations = (
				26D98A5922E67CF8000AD14F /* Debug */,
				26D98A5A22E67CF8000AD14F /* Release */,
			);
			defaultConfigurationIsVisible = 0;
			defaultConfigurationName = Release;
		};
		26D98A5B22E67CF8000AD14F /* Build configuration list for PBXNativeTarget "2019_0723_try" */ = {
			isa = XCConfigurationList;
			buildConfigurations = (
				26D98A5C22E67CF8000AD14F /* Debug */,
				26D98A5D22E67CF8000AD14F /* Release */,
			);
			defaultConfigurationIsVisible = 0;
			defaultConfigurationName = Release;
		};
/* End XCConfigurationList section */
	};
	rootObject = 26D98A4C22E67CF8000AD14F /* Project object */;
}
