// !$*UTF8*$!
{
	archiveVersion = 1;
	classes = {
	};
	objectVersion = 50;
	objects = {

/* Begin PBXBuildFile section */
		268400FC22E02BC300E1A004 /* main.c in Sources */ = {isa = PBXBuildFile; fileRef = 268400FB22E02BC300E1A004 /* main.c */; };
		2684010322E02FDC00E1A004 /* example01.c in Sources */ = {isa = PBXBuildFile; fileRef = 2684010222E02FDC00E1A004 /* example01.c */; };
		2684010522E030B900E1A004 /* example02.c in Sources */ = {isa = PBXBuildFile; fileRef = 2684010422E030B900E1A004 /* example02.c */; };
		2684010722E0356900E1A004 /* example03.c in Sources */ = {isa = PBXBuildFile; fileRef = 2684010622E0356900E1A004 /* example03.c */; };
		2684010922E0370400E1A004 /* example3_2.c in Sources */ = {isa = PBXBuildFile; fileRef = 2684010822E0370400E1A004 /* example3_2.c */; };
		2684010B22E0383E00E1A004 /* example04.c in Sources */ = {isa = PBXBuildFile; fileRef = 2684010A22E0383E00E1A004 /* example04.c */; };
		2684010D22E038BD00E1A004 /* example05.c in Sources */ = {isa = PBXBuildFile; fileRef = 2684010C22E038BD00E1A004 /* example05.c */; };
		2684010F22E0400A00E1A004 /* exercise01.c in Sources */ = {isa = PBXBuildFile; fileRef = 2684010E22E0400A00E1A004 /* exercise01.c */; };
		26BBB63922E041250015428B /* exercise02.c in Sources */ = {isa = PBXBuildFile; fileRef = 26BBB63822E041250015428B /* exercise02.c */; };
		26BBB63B22E042A90015428B /* exercise03.c in Sources */ = {isa = PBXBuildFile; fileRef = 26BBB63A22E042A90015428B /* exercise03.c */; };
		26BBB63D22E0436B0015428B /* exercise05.c in Sources */ = {isa = PBXBuildFile; fileRef = 26BBB63C22E0436B0015428B /* exercise05.c */; };
		26BBB63F22E044520015428B /* exercise06.c in Sources */ = {isa = PBXBuildFile; fileRef = 26BBB63E22E044520015428B /* exercise06.c */; };
		26BBB64122E045940015428B /* exercise07.c in Sources */ = {isa = PBXBuildFile; fileRef = 26BBB64022E045940015428B /* exercise07.c */; };
		26BBB64322E04AAA0015428B /* exercise08.c in Sources */ = {isa = PBXBuildFile; fileRef = 26BBB64222E04AAA0015428B /* exercise08.c */; };
		26BBB64522E050FF0015428B /* exercise09.c in Sources */ = {isa = PBXBuildFile; fileRef = 26BBB64422E050FF0015428B /* exercise09.c */; };
		26BBB64722E0521C0015428B /* exercise04.c in Sources */ = {isa = PBXBuildFile; fileRef = 26BBB64622E0521C0015428B /* exercise04.c */; };
/* End PBXBuildFile section */

/* Begin PBXCopyFilesBuildPhase section */
		268400F622E02BC300E1A004 /* CopyFiles */ = {
			isa = PBXCopyFilesBuildPhase;
			buildActionMask = 2147483647;
			dstPath = /usr/share/man/man1/;
			dstSubfolderSpec = 0;
			files = (
			);
			runOnlyForDeploymentPostprocessing = 1;
		};
/* End PBXCopyFilesBuildPhase section */

/* Begin PBXFileReference section */
		268400F822E02BC300E1A004 /* Example_222p */ = {isa = PBXFileReference; explicitFileType = "compiled.mach-o.executable"; includeInIndex = 0; path = Example_222p; sourceTree = BUILT_PRODUCTS_DIR; };
		268400FB22E02BC300E1A004 /* main.c */ = {isa = PBXFileReference; lastKnownFileType = sourcecode.c.c; path = main.c; sourceTree = "<group>"; };
		2684010222E02FDC00E1A004 /* example01.c */ = {isa = PBXFileReference; lastKnownFileType = sourcecode.c.c; path = example01.c; sourceTree = "<group>"; };
		2684010422E030B900E1A004 /* example02.c */ = {isa = PBXFileReference; lastKnownFileType = sourcecode.c.c; path = example02.c; sourceTree = "<group>"; };
		2684010622E0356900E1A004 /* example03.c */ = {isa = PBXFileReference; lastKnownFileType = sourcecode.c.c; path = example03.c; sourceTree = "<group>"; };
		2684010822E0370400E1A004 /* example3_2.c */ = {isa = PBXFileReference; lastKnownFileType = sourcecode.c.c; path = example3_2.c; sourceTree = "<group>"; };
		2684010A22E0383E00E1A004 /* example04.c */ = {isa = PBXFileReference; lastKnownFileType = sourcecode.c.c; path = example04.c; sourceTree = "<group>"; };
		2684010C22E038BD00E1A004 /* example05.c */ = {isa = PBXFileReference; lastKnownFileType = sourcecode.c.c; path = example05.c; sourceTree = "<group>"; };
		2684010E22E0400A00E1A004 /* exercise01.c */ = {isa = PBXFileReference; lastKnownFileType = sourcecode.c.c; path = exercise01.c; sourceTree = "<group>"; };
		26BBB63822E041250015428B /* exercise02.c */ = {isa = PBXFileReference; lastKnownFileType = sourcecode.c.c; path = exercise02.c; sourceTree = "<group>"; };
		26BBB63A22E042A90015428B /* exercise03.c */ = {isa = PBXFileReference; lastKnownFileType = sourcecode.c.c; path = exercise03.c; sourceTree = "<group>"; };
		26BBB63C22E0436B0015428B /* exercise05.c */ = {isa = PBXFileReference; lastKnownFileType = sourcecode.c.c; path = exercise05.c; sourceTree = "<group>"; };
		26BBB63E22E044520015428B /* exercise06.c */ = {isa = PBXFileReference; lastKnownFileType = sourcecode.c.c; path = exercise06.c; sourceTree = "<group>"; };
		26BBB64022E045940015428B /* exercise07.c */ = {isa = PBXFileReference; lastKnownFileType = sourcecode.c.c; path = exercise07.c; sourceTree = "<group>"; };
		26BBB64222E04AAA0015428B /* exercise08.c */ = {isa = PBXFileReference; lastKnownFileType = sourcecode.c.c; path = exercise08.c; sourceTree = "<group>"; };
		26BBB64422E050FF0015428B /* exercise09.c */ = {isa = PBXFileReference; lastKnownFileType = sourcecode.c.c; path = exercise09.c; sourceTree = "<group>"; };
		26BBB64622E0521C0015428B /* exercise04.c */ = {isa = PBXFileReference; lastKnownFileType = sourcecode.c.c; path = exercise04.c; sourceTree = "<group>"; };
/* End PBXFileReference section */

/* Begin PBXFrameworksBuildPhase section */
		268400F522E02BC300E1A004 /* Frameworks */ = {
			isa = PBXFrameworksBuildPhase;
			buildActionMask = 2147483647;
			files = (
			);
			runOnlyForDeploymentPostprocessing = 0;
		};
/* End PBXFrameworksBuildPhase section */

/* Begin PBXGroup section */
		268400EF22E02BC300E1A004 = {
			isa = PBXGroup;
			children = (
				268400FA22E02BC300E1A004 /* Example_222p */,
				268400F922E02BC300E1A004 /* Products */,
			);
			sourceTree = "<group>";
		};
		268400F922E02BC300E1A004 /* Products */ = {
			isa = PBXGroup;
			children = (
				268400F822E02BC300E1A004 /* Example_222p */,
			);
			name = Products;
			sourceTree = "<group>";
		};
		268400FA22E02BC300E1A004 /* Example_222p */ = {
			isa = PBXGroup;
			children = (
				268400FB22E02BC300E1A004 /* main.c */,
				2684010222E02FDC00E1A004 /* example01.c */,
				2684010422E030B900E1A004 /* example02.c */,
				2684010622E0356900E1A004 /* example03.c */,
				2684010822E0370400E1A004 /* example3_2.c */,
				2684010A22E0383E00E1A004 /* example04.c */,
				2684010C22E038BD00E1A004 /* example05.c */,
				2684010E22E0400A00E1A004 /* exercise01.c */,
				26BBB63822E041250015428B /* exercise02.c */,
				26BBB63A22E042A90015428B /* exercise03.c */,
				26BBB64622E0521C0015428B /* exercise04.c */,
				26BBB63C22E0436B0015428B /* exercise05.c */,
				26BBB63E22E044520015428B /* exercise06.c */,
				26BBB64022E045940015428B /* exercise07.c */,
				26BBB64222E04AAA0015428B /* exercise08.c */,
				26BBB64422E050FF0015428B /* exercise09.c */,
			);
			path = Example_222p;
			sourceTree = "<group>";
		};
/* End PBXGroup section */

/* Begin PBXNativeTarget section */
		268400F722E02BC300E1A004 /* Example_222p */ = {
			isa = PBXNativeTarget;
			buildConfigurationList = 268400FF22E02BC300E1A004 /* Build configuration list for PBXNativeTarget "Example_222p" */;
			buildPhases = (
				268400F422E02BC300E1A004 /* Sources */,
				268400F522E02BC300E1A004 /* Frameworks */,
				268400F622E02BC300E1A004 /* CopyFiles */,
			);
			buildRules = (
			);
			dependencies = (
			);
			name = Example_222p;
			productName = Example_222p;
			productReference = 268400F822E02BC300E1A004 /* Example_222p */;
			productType = "com.apple.product-type.tool";
		};
/* End PBXNativeTarget section */

/* Begin PBXProject section */
		268400F022E02BC300E1A004 /* Project object */ = {
			isa = PBXProject;
			attributes = {
				LastUpgradeCheck = 1020;
				ORGANIZATIONNAME = "심재현";
				TargetAttributes = {
					268400F722E02BC300E1A004 = {
						CreatedOnToolsVersion = 10.2.1;
					};
				};
			};
			buildConfigurationList = 268400F322E02BC300E1A004 /* Build configuration list for PBXProject "Example_222p" */;
			compatibilityVersion = "Xcode 9.3";
			developmentRegion = en;
			hasScannedForEncodings = 0;
			knownRegions = (
				en,
			);
			mainGroup = 268400EF22E02BC300E1A004;
			productRefGroup = 268400F922E02BC300E1A004 /* Products */;
			projectDirPath = "";
			projectRoot = "";
			targets = (
				268400F722E02BC300E1A004 /* Example_222p */,
			);
		};
/* End PBXProject section */

/* Begin PBXSourcesBuildPhase section */
		268400F422E02BC300E1A004 /* Sources */ = {
			isa = PBXSourcesBuildPhase;
			buildActionMask = 2147483647;
			files = (
				2684010B22E0383E00E1A004 /* example04.c in Sources */,
				26BBB64122E045940015428B /* exercise07.c in Sources */,
				26BBB63D22E0436B0015428B /* exercise05.c in Sources */,
				2684010522E030B900E1A004 /* example02.c in Sources */,
				26BBB63F22E044520015428B /* exercise06.c in Sources */,
				268400FC22E02BC300E1A004 /* main.c in Sources */,
				2684010322E02FDC00E1A004 /* example01.c in Sources */,
				2684010D22E038BD00E1A004 /* example05.c in Sources */,
				2684010922E0370400E1A004 /* example3_2.c in Sources */,
				26BBB64722E0521C0015428B /* exercise04.c in Sources */,
				26BBB64522E050FF0015428B /* exercise09.c in Sources */,
				26BBB64322E04AAA0015428B /* exercise08.c in Sources */,
				26BBB63B22E042A90015428B /* exercise03.c in Sources */,
				2684010F22E0400A00E1A004 /* exercise01.c in Sources */,
				26BBB63922E041250015428B /* exercise02.c in Sources */,
				2684010722E0356900E1A004 /* example03.c in Sources */,
			);
			runOnlyForDeploymentPostprocessing = 0;
		};
/* End PBXSourcesBuildPhase section */

/* Begin XCBuildConfiguration section */
		268400FD22E02BC300E1A004 /* Debug */ = {
			isa = XCBuildConfiguration;
			buildSettings = {
				ALWAYS_SEARCH_USER_PATHS = NO;
				CLANG_ANALYZER_NONNULL = YES;
				CLANG_ANALYZER_NUMBER_OBJECT_CONVERSION = YES_AGGRESSIVE;
				CLANG_CXX_LANGUAGE_STANDARD = "gnu++14";
				CLANG_CXX_LIBRARY = "libc++";
				CLANG_ENABLE_MODULES = YES;
				CLANG_ENABLE_OBJC_ARC = YES;
				CLANG_ENABLE_OBJC_WEAK = YES;
				CLANG_WARN_BLOCK_CAPTURE_AUTORELEASING = YES;
				CLANG_WARN_BOOL_CONVERSION = YES;
				CLANG_WARN_COMMA = YES;
				CLANG_WARN_CONSTANT_CONVERSION = YES;
				CLANG_WARN_DEPRECATED_OBJC_IMPLEMENTATIONS = YES;
				CLANG_WARN_DIRECT_OBJC_ISA_USAGE = YES_ERROR;
				CLANG_WARN_DOCUMENTATION_COMMENTS = YES;
				CLANG_WARN_EMPTY_BODY = YES;
				CLANG_WARN_ENUM_CONVERSION = YES;
				CLANG_WARN_INFINITE_RECURSION = YES;
				CLANG_WARN_INT_CONVERSION = YES;
				CLANG_WARN_NON_LITERAL_NULL_CONVERSION = YES;
				CLANG_WARN_OBJC_IMPLICIT_RETAIN_SELF = YES;
				CLANG_WARN_OBJC_LITERAL_CONVERSION = YES;
				CLANG_WARN_OBJC_ROOT_CLASS = YES_ERROR;
				CLANG_WARN_RANGE_LOOP_ANALYSIS = YES;
				CLANG_WARN_STRICT_PROTOTYPES = YES;
				CLANG_WARN_SUSPICIOUS_MOVE = YES;
				CLANG_WARN_UNGUARDED_AVAILABILITY = YES_AGGRESSIVE;
				CLANG_WARN_UNREACHABLE_CODE = YES;
				CLANG_WARN__DUPLICATE_METHOD_MATCH = YES;
				CODE_SIGN_IDENTITY = "-";
				COPY_PHASE_STRIP = NO;
				DEBUG_INFORMATION_FORMAT = dwarf;
				ENABLE_STRICT_OBJC_MSGSEND = YES;
				ENABLE_TESTABILITY = YES;
				GCC_C_LANGUAGE_STANDARD = gnu11;
				GCC_DYNAMIC_NO_PIC = NO;
				GCC_NO_COMMON_BLOCKS = YES;
				GCC_OPTIMIZATION_LEVEL = 0;
				GCC_PREPROCESSOR_DEFINITIONS = (
					"DEBUG=1",
					"$(inherited)",
				);
				GCC_WARN_64_TO_32_BIT_CONVERSION = YES;
				GCC_WARN_ABOUT_RETURN_TYPE = YES_ERROR;
				GCC_WARN_UNDECLARED_SELECTOR = YES;
				GCC_WARN_UNINITIALIZED_AUTOS = YES_AGGRESSIVE;
				GCC_WARN_UNUSED_FUNCTION = YES;
				GCC_WARN_UNUSED_VARIABLE = YES;
				MACOSX_DEPLOYMENT_TARGET = 10.14;
				MTL_ENABLE_DEBUG_INFO = INCLUDE_SOURCE;
				MTL_FAST_MATH = YES;
				ONLY_ACTIVE_ARCH = YES;
				SDKROOT = macosx;
			};
			name = Debug;
		};
		268400FE22E02BC300E1A004 /* Release */ = {
			isa = XCBuildConfiguration;
			buildSettings = {
				ALWAYS_SEARCH_USER_PATHS = NO;
				CLANG_ANALYZER_NONNULL = YES;
				CLANG_ANALYZER_NUMBER_OBJECT_CONVERSION = YES_AGGRESSIVE;
				CLANG_CXX_LANGUAGE_STANDARD = "gnu++14";
				CLANG_CXX_LIBRARY = "libc++";
				CLANG_ENABLE_MODULES = YES;
				CLANG_ENABLE_OBJC_ARC = YES;
				CLANG_ENABLE_OBJC_WEAK = YES;
				CLANG_WARN_BLOCK_CAPTURE_AUTORELEASING = YES;
				CLANG_WARN_BOOL_CONVERSION = YES;
				CLANG_WARN_COMMA = YES;
				CLANG_WARN_CONSTANT_CONVERSION = YES;
				CLANG_WARN_DEPRECATED_OBJC_IMPLEMENTATIONS = YES;
				CLANG_WARN_DIRECT_OBJC_ISA_USAGE = YES_ERROR;
				CLANG_WARN_DOCUMENTATION_COMMENTS = YES;
				CLANG_WARN_EMPTY_BODY = YES;
				CLANG_WARN_ENUM_CONVERSION = YES;
				CLANG_WARN_INFINITE_RECURSION = YES;
				CLANG_WARN_INT_CONVERSION = YES;
				CLANG_WARN_NON_LITERAL_NULL_CONVERSION = YES;
				CLANG_WARN_OBJC_IMPLICIT_RETAIN_SELF = YES;
				CLANG_WARN_OBJC_LITERAL_CONVERSION = YES;
				CLANG_WARN_OBJC_ROOT_CLASS = YES_ERROR;
				CLANG_WARN_RANGE_LOOP_ANALYSIS = YES;
				CLANG_WARN_STRICT_PROTOTYPES = YES;
				CLANG_WARN_SUSPICIOUS_MOVE = YES;
				CLANG_WARN_UNGUARDED_AVAILABILITY = YES_AGGRESSIVE;
				CLANG_WARN_UNREACHABLE_CODE = YES;
				CLANG_WARN__DUPLICATE_METHOD_MATCH = YES;
				CODE_SIGN_IDENTITY = "-";
				COPY_PHASE_STRIP = NO;
				DEBUG_INFORMATION_FORMAT = "dwarf-with-dsym";
				ENABLE_NS_ASSERTIONS = NO;
				ENABLE_STRICT_OBJC_MSGSEND = YES;
				GCC_C_LANGUAGE_STANDARD = gnu11;
				GCC_NO_COMMON_BLOCKS = YES;
				GCC_WARN_64_TO_32_BIT_CONVERSION = YES;
				GCC_WARN_ABOUT_RETURN_TYPE = YES_ERROR;
				GCC_WARN_UNDECLARED_SELECTOR = YES;
				GCC_WARN_UNINITIALIZED_AUTOS = YES_AGGRESSIVE;
				GCC_WARN_UNUSED_FUNCTION = YES;
				GCC_WARN_UNUSED_VARIABLE = YES;
				MACOSX_DEPLOYMENT_TARGET = 10.14;
				MTL_ENABLE_DEBUG_INFO = NO;
				MTL_FAST_MATH = YES;
				SDKROOT = macosx;
			};
			name = Release;
		};
		2684010022E02BC300E1A004 /* Debug */ = {
			isa = XCBuildConfiguration;
			buildSettings = {
				CODE_SIGN_STYLE = Automatic;
				PRODUCT_NAME = "$(TARGET_NAME)";
			};
			name = Debug;
		};
		2684010122E02BC300E1A004 /* Release */ = {
			isa = XCBuildConfiguration;
			buildSettings = {
				CODE_SIGN_STYLE = Automatic;
				PRODUCT_NAME = "$(TARGET_NAME)";
			};
			name = Release;
		};
/* End XCBuildConfiguration section */

/* Begin XCConfigurationList section */
		268400F322E02BC300E1A004 /* Build configuration list for PBXProject "Example_222p" */ = {
			isa = XCConfigurationList;
			buildConfigurations = (
				268400FD22E02BC300E1A004 /* Debug */,
				268400FE22E02BC300E1A004 /* Release */,
			);
			defaultConfigurationIsVisible = 0;
			defaultConfigurationName = Release;
		};
		268400FF22E02BC300E1A004 /* Build configuration list for PBXNativeTarget "Example_222p" */ = {
			isa = XCConfigurationList;
			buildConfigurations = (
				2684010022E02BC300E1A004 /* Debug */,
				2684010122E02BC300E1A004 /* Release */,
			);
			defaultConfigurationIsVisible = 0;
			defaultConfigurationName = Release;
		};
/* End XCConfigurationList section */
	};
	rootObject = 268400F022E02BC300E1A004 /* Project object */;
}
