// !$*UTF8*$!
{
	archiveVersion = 1;
	classes = {
	};
	objectVersion = 50;
	objects = {

/* Begin PBXBuildFile section */
		265E994622D80EC40003743D /* main.c in Sources */ = {isa = PBXBuildFile; fileRef = 265E994522D80EC40003743D /* main.c */; };
		265E994D22D828620003743D /* factorial.c in Sources */ = {isa = PBXBuildFile; fileRef = 265E994C22D828620003743D /* factorial.c */; };
		265E994F22D8423A0003743D /* while.c in Sources */ = {isa = PBXBuildFile; fileRef = 265E994E22D8423A0003743D /* while.c */; };
		265E995122D84F170003743D /* exercise01.c in Sources */ = {isa = PBXBuildFile; fileRef = 265E995022D84F170003743D /* exercise01.c */; };
		265E995322D854100003743D /* exercise04.c in Sources */ = {isa = PBXBuildFile; fileRef = 265E995222D854100003743D /* exercise04.c */; };
		265E995522D856930003743D /* exercise05.c in Sources */ = {isa = PBXBuildFile; fileRef = 265E995422D856930003743D /* exercise05.c */; };
		265E995722D859DB0003743D /* exercise06.c in Sources */ = {isa = PBXBuildFile; fileRef = 265E995622D859DB0003743D /* exercise06.c */; };
		265E995922D85C080003743D /* exercise07.c in Sources */ = {isa = PBXBuildFile; fileRef = 265E995822D85C080003743D /* exercise07.c */; };
		265E995B22D85FCD0003743D /* exercise08.c in Sources */ = {isa = PBXBuildFile; fileRef = 265E995A22D85FCD0003743D /* exercise08.c */; };
/* End PBXBuildFile section */

/* Begin PBXCopyFilesBuildPhase section */
		265E994022D80EC40003743D /* CopyFiles */ = {
			isa = PBXCopyFilesBuildPhase;
			buildActionMask = 2147483647;
			dstPath = /usr/share/man/man1/;
			dstSubfolderSpec = 0;
			files = (
			);
			runOnlyForDeploymentPostprocessing = 1;
		};
/* End PBXCopyFilesBuildPhase section */

/* Begin PBXFileReference section */
		265E994222D80EC40003743D /* chapter7example1 */ = {isa = PBXFileReference; explicitFileType = "compiled.mach-o.executable"; includeInIndex = 0; path = chapter7example1; sourceTree = BUILT_PRODUCTS_DIR; };
		265E994522D80EC40003743D /* main.c */ = {isa = PBXFileReference; lastKnownFileType = sourcecode.c.c; path = main.c; sourceTree = "<group>"; };
		265E994C22D828620003743D /* factorial.c */ = {isa = PBXFileReference; lastKnownFileType = sourcecode.c.c; path = factorial.c; sourceTree = "<group>"; };
		265E994E22D8423A0003743D /* while.c */ = {isa = PBXFileReference; lastKnownFileType = sourcecode.c.c; path = while.c; sourceTree = "<group>"; };
		265E995022D84F170003743D /* exercise01.c */ = {isa = PBXFileReference; lastKnownFileType = sourcecode.c.c; path = exercise01.c; sourceTree = "<group>"; };
		265E995222D854100003743D /* exercise04.c */ = {isa = PBXFileReference; lastKnownFileType = sourcecode.c.c; path = exercise04.c; sourceTree = "<group>"; };
		265E995422D856930003743D /* exercise05.c */ = {isa = PBXFileReference; lastKnownFileType = sourcecode.c.c; path = exercise05.c; sourceTree = "<group>"; };
		265E995622D859DB0003743D /* exercise06.c */ = {isa = PBXFileReference; lastKnownFileType = sourcecode.c.c; path = exercise06.c; sourceTree = "<group>"; };
		265E995822D85C080003743D /* exercise07.c */ = {isa = PBXFileReference; lastKnownFileType = sourcecode.c.c; path = exercise07.c; sourceTree = "<group>"; };
		265E995A22D85FCD0003743D /* exercise08.c */ = {isa = PBXFileReference; lastKnownFileType = sourcecode.c.c; path = exercise08.c; sourceTree = "<group>"; };
/* End PBXFileReference section */

/* Begin PBXFrameworksBuildPhase section */
		265E993F22D80EC40003743D /* Frameworks */ = {
			isa = PBXFrameworksBuildPhase;
			buildActionMask = 2147483647;
			files = (
			);
			runOnlyForDeploymentPostprocessing = 0;
		};
/* End PBXFrameworksBuildPhase section */

/* Begin PBXGroup section */
		265E993922D80EC30003743D = {
			isa = PBXGroup;
			children = (
				265E994422D80EC40003743D /* chapter7example1 */,
				265E994322D80EC40003743D /* Products */,
			);
			sourceTree = "<group>";
		};
		265E994322D80EC40003743D /* Products */ = {
			isa = PBXGroup;
			children = (
				265E994222D80EC40003743D /* chapter7example1 */,
			);
			name = Products;
			sourceTree = "<group>";
		};
		265E994422D80EC40003743D /* chapter7example1 */ = {
			isa = PBXGroup;
			children = (
				265E994522D80EC40003743D /* main.c */,
				265E994C22D828620003743D /* factorial.c */,
				265E994E22D8423A0003743D /* while.c */,
				265E995022D84F170003743D /* exercise01.c */,
				265E995222D854100003743D /* exercise04.c */,
				265E995422D856930003743D /* exercise05.c */,
				265E995622D859DB0003743D /* exercise06.c */,
				265E995822D85C080003743D /* exercise07.c */,
				265E995A22D85FCD0003743D /* exercise08.c */,
			);
			path = chapter7example1;
			sourceTree = "<group>";
		};
/* End PBXGroup section */

/* Begin PBXNativeTarget section */
		265E994122D80EC40003743D /* chapter7example1 */ = {
			isa = PBXNativeTarget;
			buildConfigurationList = 265E994922D80EC40003743D /* Build configuration list for PBXNativeTarget "chapter7example1" */;
			buildPhases = (
				265E993E22D80EC40003743D /* Sources */,
				265E993F22D80EC40003743D /* Frameworks */,
				265E994022D80EC40003743D /* CopyFiles */,
			);
			buildRules = (
			);
			dependencies = (
			);
			name = chapter7example1;
			productName = chapter7example1;
			productReference = 265E994222D80EC40003743D /* chapter7example1 */;
			productType = "com.apple.product-type.tool";
		};
/* End PBXNativeTarget section */

/* Begin PBXProject section */
		265E993A22D80EC40003743D /* Project object */ = {
			isa = PBXProject;
			attributes = {
				LastUpgradeCheck = 1020;
				ORGANIZATIONNAME = "심재현";
				TargetAttributes = {
					265E994122D80EC40003743D = {
						CreatedOnToolsVersion = 10.2.1;
					};
				};
			};
			buildConfigurationList = 265E993D22D80EC40003743D /* Build configuration list for PBXProject "chapter7example1" */;
			compatibilityVersion = "Xcode 9.3";
			developmentRegion = en;
			hasScannedForEncodings = 0;
			knownRegions = (
				en,
			);
			mainGroup = 265E993922D80EC30003743D;
			productRefGroup = 265E994322D80EC40003743D /* Products */;
			projectDirPath = "";
			projectRoot = "";
			targets = (
				265E994122D80EC40003743D /* chapter7example1 */,
			);
		};
/* End PBXProject section */

/* Begin PBXSourcesBuildPhase section */
		265E993E22D80EC40003743D /* Sources */ = {
			isa = PBXSourcesBuildPhase;
			buildActionMask = 2147483647;
			files = (
				265E995722D859DB0003743D /* exercise06.c in Sources */,
				265E995B22D85FCD0003743D /* exercise08.c in Sources */,
				265E994F22D8423A0003743D /* while.c in Sources */,
				265E994622D80EC40003743D /* main.c in Sources */,
				265E995122D84F170003743D /* exercise01.c in Sources */,
				265E995922D85C080003743D /* exercise07.c in Sources */,
				265E994D22D828620003743D /* factorial.c in Sources */,
				265E995522D856930003743D /* exercise05.c in Sources */,
				265E995322D854100003743D /* exercise04.c in Sources */,
			);
			runOnlyForDeploymentPostprocessing = 0;
		};
/* End PBXSourcesBuildPhase section */

/* Begin XCBuildConfiguration section */
		265E994722D80EC40003743D /* Debug */ = {
			isa = XCBuildConfiguration;
			buildSettings = {
				ALWAYS_SEARCH_USER_PATHS = NO;
				CLANG_ANALYZER_NONNULL = YES;
				CLANG_ANALYZER_NUMBER_OBJECT_CONVERSION = YES_AGGRESSIVE;
				CLANG_CXX_LANGUAGE_STANDARD = "gnu++14";
				CLANG_CXX_LIBRARY = "libc++";
				CLANG_ENABLE_MODULES = YES;
				CLANG_ENABLE_OBJC_ARC = YES;
				CLANG_ENABLE_OBJC_WEAK = YES;
				CLANG_WARN_BLOCK_CAPTURE_AUTORELEASING = YES;
				CLANG_WARN_BOOL_CONVERSION = YES;
				CLANG_WARN_COMMA = YES;
				CLANG_WARN_CONSTANT_CONVERSION = YES;
				CLANG_WARN_DEPRECATED_OBJC_IMPLEMENTATIONS = YES;
				CLANG_WARN_DIRECT_OBJC_ISA_USAGE = YES_ERROR;
				CLANG_WARN_DOCUMENTATION_COMMENTS = YES;
				CLANG_WARN_EMPTY_BODY = YES;
				CLANG_WARN_ENUM_CONVERSION = YES;
				CLANG_WARN_INFINITE_RECURSION = YES;
				CLANG_WARN_INT_CONVERSION = YES;
				CLANG_WARN_NON_LITERAL_NULL_CONVERSION = YES;
				CLANG_WARN_OBJC_IMPLICIT_RETAIN_SELF = YES;
				CLANG_WARN_OBJC_LITERAL_CONVERSION = YES;
				CLANG_WARN_OBJC_ROOT_CLASS = YES_ERROR;
				CLANG_WARN_RANGE_LOOP_ANALYSIS = YES;
				CLANG_WARN_STRICT_PROTOTYPES = YES;
				CLANG_WARN_SUSPICIOUS_MOVE = YES;
				CLANG_WARN_UNGUARDED_AVAILABILITY = YES_AGGRESSIVE;
				CLANG_WARN_UNREACHABLE_CODE = YES;
				CLANG_WARN__DUPLICATE_METHOD_MATCH = YES;
				CODE_SIGN_IDENTITY = "-";
				COPY_PHASE_STRIP = NO;
				DEBUG_INFORMATION_FORMAT = dwarf;
				ENABLE_STRICT_OBJC_MSGSEND = YES;
				ENABLE_TESTABILITY = YES;
				GCC_C_LANGUAGE_STANDARD = gnu11;
				GCC_DYNAMIC_NO_PIC = NO;
				GCC_NO_COMMON_BLOCKS = YES;
				GCC_OPTIMIZATION_LEVEL = 0;
				GCC_PREPROCESSOR_DEFINITIONS = (
					"DEBUG=1",
					"$(inherited)",
				);
				GCC_WARN_64_TO_32_BIT_CONVERSION = YES;
				GCC_WARN_ABOUT_RETURN_TYPE = YES_ERROR;
				GCC_WARN_UNDECLARED_SELECTOR = YES;
				GCC_WARN_UNINITIALIZED_AUTOS = YES_AGGRESSIVE;
				GCC_WARN_UNUSED_FUNCTION = YES;
				GCC_WARN_UNUSED_VARIABLE = YES;
				MACOSX_DEPLOYMENT_TARGET = 10.14;
				MTL_ENABLE_DEBUG_INFO = INCLUDE_SOURCE;
				MTL_FAST_MATH = YES;
				ONLY_ACTIVE_ARCH = YES;
				SDKROOT = macosx;
			};
			name = Debug;
		};
		265E994822D80EC40003743D /* Release */ = {
			isa = XCBuildConfiguration;
			buildSettings = {
				ALWAYS_SEARCH_USER_PATHS = NO;
				CLANG_ANALYZER_NONNULL = YES;
				CLANG_ANALYZER_NUMBER_OBJECT_CONVERSION = YES_AGGRESSIVE;
				CLANG_CXX_LANGUAGE_STANDARD = "gnu++14";
				CLANG_CXX_LIBRARY = "libc++";
				CLANG_ENABLE_MODULES = YES;
				CLANG_ENABLE_OBJC_ARC = YES;
				CLANG_ENABLE_OBJC_WEAK = YES;
				CLANG_WARN_BLOCK_CAPTURE_AUTORELEASING = YES;
				CLANG_WARN_BOOL_CONVERSION = YES;
				CLANG_WARN_COMMA = YES;
				CLANG_WARN_CONSTANT_CONVERSION = YES;
				CLANG_WARN_DEPRECATED_OBJC_IMPLEMENTATIONS = YES;
				CLANG_WARN_DIRECT_OBJC_ISA_USAGE = YES_ERROR;
				CLANG_WARN_DOCUMENTATION_COMMENTS = YES;
				CLANG_WARN_EMPTY_BODY = YES;
				CLANG_WARN_ENUM_CONVERSION = YES;
				CLANG_WARN_INFINITE_RECURSION = YES;
				CLANG_WARN_INT_CONVERSION = YES;
				CLANG_WARN_NON_LITERAL_NULL_CONVERSION = YES;
				CLANG_WARN_OBJC_IMPLICIT_RETAIN_SELF = YES;
				CLANG_WARN_OBJC_LITERAL_CONVERSION = YES;
				CLANG_WARN_OBJC_ROOT_CLASS = YES_ERROR;
				CLANG_WARN_RANGE_LOOP_ANALYSIS = YES;
				CLANG_WARN_STRICT_PROTOTYPES = YES;
				CLANG_WARN_SUSPICIOUS_MOVE = YES;
				CLANG_WARN_UNGUARDED_AVAILABILITY = YES_AGGRESSIVE;
				CLANG_WARN_UNREACHABLE_CODE = YES;
				CLANG_WARN__DUPLICATE_METHOD_MATCH = YES;
				CODE_SIGN_IDENTITY = "-";
				COPY_PHASE_STRIP = NO;
				DEBUG_INFORMATION_FORMAT = "dwarf-with-dsym";
				ENABLE_NS_ASSERTIONS = NO;
				ENABLE_STRICT_OBJC_MSGSEND = YES;
				GCC_C_LANGUAGE_STANDARD = gnu11;
				GCC_NO_COMMON_BLOCKS = YES;
				GCC_WARN_64_TO_32_BIT_CONVERSION = YES;
				GCC_WARN_ABOUT_RETURN_TYPE = YES_ERROR;
				GCC_WARN_UNDECLARED_SELECTOR = YES;
				GCC_WARN_UNINITIALIZED_AUTOS = YES_AGGRESSIVE;
				GCC_WARN_UNUSED_FUNCTION = YES;
				GCC_WARN_UNUSED_VARIABLE = YES;
				MACOSX_DEPLOYMENT_TARGET = 10.14;
				MTL_ENABLE_DEBUG_INFO = NO;
				MTL_FAST_MATH = YES;
				SDKROOT = macosx;
			};
			name = Release;
		};
		265E994A22D80EC40003743D /* Debug */ = {
			isa = XCBuildConfiguration;
			buildSettings = {
				CODE_SIGN_STYLE = Automatic;
				PRODUCT_NAME = "$(TARGET_NAME)";
			};
			name = Debug;
		};
		265E994B22D80EC40003743D /* Release */ = {
			isa = XCBuildConfiguration;
			buildSettings = {
				CODE_SIGN_STYLE = Automatic;
				PRODUCT_NAME = "$(TARGET_NAME)";
			};
			name = Release;
		};
/* End XCBuildConfiguration section */

/* Begin XCConfigurationList section */
		265E993D22D80EC40003743D /* Build configuration list for PBXProject "chapter7example1" */ = {
			isa = XCConfigurationList;
			buildConfigurations = (
				265E994722D80EC40003743D /* Debug */,
				265E994822D80EC40003743D /* Release */,
			);
			defaultConfigurationIsVisible = 0;
			defaultConfigurationName = Release;
		};
		265E994922D80EC40003743D /* Build configuration list for PBXNativeTarget "chapter7example1" */ = {
			isa = XCConfigurationList;
			buildConfigurations = (
				265E994A22D80EC40003743D /* Debug */,
				265E994B22D80EC40003743D /* Release */,
			);
			defaultConfigurationIsVisible = 0;
			defaultConfigurationName = Release;
		};
/* End XCConfigurationList section */
	};
	rootObject = 265E993A22D80EC40003743D /* Project object */;
}
